// !$*UTF8*$!
{
	archiveVersion = 1;
	classes = {
	};
	objectVersion = 46;
	objects = {

/* Begin PBXBuildFile section */
		841C95101DDEEE0000B997F5 /* Navigation.storyboard in Resources */ = {isa = PBXBuildFile; fileRef = 841C950F1DDEEE0000B997F5 /* Navigation.storyboard */; };
		841C95131DDEEED400B997F5 /* CarouselViewController.swift in Sources */ = {isa = PBXBuildFile; fileRef = 841C95121DDEEED400B997F5 /* CarouselViewController.swift */; };
		841C95171DDEF39100B997F5 /* EasyCollectionView.swift in Sources */ = {isa = PBXBuildFile; fileRef = 841C95161DDEF39100B997F5 /* EasyCollectionView.swift */; };
		841C951A1DDEF74B00B997F5 /* ControlCollectionViewCell.swift in Sources */ = {isa = PBXBuildFile; fileRef = 841C95191DDEF74B00B997F5 /* ControlCollectionViewCell.swift */; };
		841C951D1DDEFA5B00B997F5 /* CarouselFlow.swift in Sources */ = {isa = PBXBuildFile; fileRef = 841C951C1DDEFA5B00B997F5 /* CarouselFlow.swift */; };
		842E3F401DF004620071037A /* UIView+Build.swift in Sources */ = {isa = PBXBuildFile; fileRef = 842E3F3F1DF004620071037A /* UIView+Build.swift */; };
		842E3F431DF016FF0071037A /* AboutTopView.swift in Sources */ = {isa = PBXBuildFile; fileRef = 842E3F421DF016FF0071037A /* AboutTopView.swift */; };
		842E3F461DF0214E0071037A /* CarouselSplashAnimationBroker.swift in Sources */ = {isa = PBXBuildFile; fileRef = 842E3F451DF0214E0071037A /* CarouselSplashAnimationBroker.swift */; };
		844AE71E1DB4AD9F0029FBD4 /* RAMControls.swift in Sources */ = {isa = PBXBuildFile; fileRef = 844AE71D1DB4AD9F0029FBD4 /* RAMControls.swift */; };
		844AE7201DB4AFF20029FBD4 /* Controlls.swift in Sources */ = {isa = PBXBuildFile; fileRef = 844AE71F1DB4AFF20029FBD4 /* Controlls.swift */; };
		844AE7271DB4C5F40029FBD4 /* SearchViewController.swift in Sources */ = {isa = PBXBuildFile; fileRef = 844AE7261DB4C5F40029FBD4 /* SearchViewController.swift */; };
		844AE7291DB4C6BD0029FBD4 /* WordReader.swift in Sources */ = {isa = PBXBuildFile; fileRef = 844AE7281DB4C6BD0029FBD4 /* WordReader.swift */; };
		844AE72B1DB4C6DA0029FBD4 /* data.txt in Resources */ = {isa = PBXBuildFile; fileRef = 844AE72A1DB4C6DA0029FBD4 /* data.txt */; };
		844AE7301DB4D5D30029FBD4 /* NavigationStack.storyboard in Resources */ = {isa = PBXBuildFile; fileRef = 844AE72F1DB4D5D30029FBD4 /* NavigationStack.storyboard */; };
		844AE73A1DB4D9870029FBD4 /* FifthViewController.swift in Sources */ = {isa = PBXBuildFile; fileRef = 844AE7331DB4D9870029FBD4 /* FifthViewController.swift */; };
		844AE73B1DB4D9870029FBD4 /* FirstTableViewController.swift in Sources */ = {isa = PBXBuildFile; fileRef = 844AE7351DB4D9870029FBD4 /* FirstTableViewController.swift */; };
		844AE73C1DB4D9870029FBD4 /* SecondViewController.swift in Sources */ = {isa = PBXBuildFile; fileRef = 844AE7371DB4D9870029FBD4 /* SecondViewController.swift */; };
		844AE73D1DB4D9870029FBD4 /* ThirdViewController.swift in Sources */ = {isa = PBXBuildFile; fileRef = 844AE7391DB4D9870029FBD4 /* ThirdViewController.swift */; };
		8468A72C1DE2E8D800D40917 /* BounceAnimationViewController.swift in Sources */ = {isa = PBXBuildFile; fileRef = 8468A72B1DE2E8D800D40917 /* BounceAnimationViewController.swift */; };
		846E6FA91DF18D7300A7F02E /* ThingersTapViewController.swift in Sources */ = {isa = PBXBuildFile; fileRef = 846E6FA81DF18D7300A7F02E /* ThingersTapViewController.swift */; };
		846E6FAC1DF1909200A7F02E /* ShowAlphaModalTransition.swift in Sources */ = {isa = PBXBuildFile; fileRef = 846E6FAB1DF1909200A7F02E /* ShowAlphaModalTransition.swift */; };
		846E6FAF1DF1BF2800A7F02E /* MenuPopUpViewController.swift in Sources */ = {isa = PBXBuildFile; fileRef = 846E6FAE1DF1BF2800A7F02E /* MenuPopUpViewController.swift */; };
		84760B1A1DE05E3500AF36FE /* AboutView.swift in Sources */ = {isa = PBXBuildFile; fileRef = 84760B191DE05E3500AF36FE /* AboutView.swift */; };
		84760B231DE0796800AF36FE /* NodeAnimatable.swift in Sources */ = {isa = PBXBuildFile; fileRef = 84760B1F1DE0796800AF36FE /* NodeAnimatable.swift */; };
		84760B241DE0796800AF36FE /* NodeAnimations.swift in Sources */ = {isa = PBXBuildFile; fileRef = 84760B201DE0796800AF36FE /* NodeAnimations.swift */; };
		84760B251DE0796800AF36FE /* PopAnimationFactory.swift in Sources */ = {isa = PBXBuildFile; fileRef = 84760B221DE0796800AF36FE /* PopAnimationFactory.swift */; };
		84760B271DE07A1B00AF36FE /* Deley.swift in Sources */ = {isa = PBXBuildFile; fileRef = 84760B261DE07A1B00AF36FE /* Deley.swift */; };
		84760B2A1DE07C3B00AF36FE /* CarouserTitleView.swift in Sources */ = {isa = PBXBuildFile; fileRef = 84760B291DE07C3B00AF36FE /* CarouserTitleView.swift */; };
		8476E7161DDF2D010043B32C /* Graphik-Medium.otf in Resources */ = {isa = PBXBuildFile; fileRef = 8476E7151DDF2D010043B32C /* Graphik-Medium.otf */; };
		8476E7171DDF2D060043B32C /* Graphik-Regular.otf in Resources */ = {isa = PBXBuildFile; fileRef = 8476E7141DDF066E0043B32C /* Graphik-Regular.otf */; };
		8476E71C1DDF4C860043B32C /* Graphik-Semibold.otf in Resources */ = {isa = PBXBuildFile; fileRef = 8476E71B1DDF4C860043B32C /* Graphik-Semibold.otf */; };
		84B46EDF1DAFAA6C0033CB15 /* SwitchViewController.swift in Sources */ = {isa = PBXBuildFile; fileRef = 84B46EDE1DAFAA6C0033CB15 /* SwitchViewController.swift */; };
		84B46EE41DAFB9AD0033CB15 /* OnboardingViewController.swift in Sources */ = {isa = PBXBuildFile; fileRef = 84B46EE31DAFB9AD0033CB15 /* OnboardingViewController.swift */; };
		84B46EEA1DAFCC7E0033CB15 /* Extensions.swift in Sources */ = {isa = PBXBuildFile; fileRef = 84B46EE91DAFCC7E0033CB15 /* Extensions.swift */; };
		84B46EED1DAFCC8C0033CB15 /* DemoDetailViewController.swift in Sources */ = {isa = PBXBuildFile; fileRef = 84B46EEB1DAFCC8C0033CB15 /* DemoDetailViewController.swift */; };
		84B46EEE1DAFCC8C0033CB15 /* DemoTableViewController.swift in Sources */ = {isa = PBXBuildFile; fileRef = 84B46EEC1DAFCC8C0033CB15 /* DemoTableViewController.swift */; };
		84B46EF01DAFCED10033CB15 /* ScreenShot.swift in Sources */ = {isa = PBXBuildFile; fileRef = 84B46EEF1DAFCED10033CB15 /* ScreenShot.swift */; };
		84B46EF21DAFCF180033CB15 /* LayerAnimationHalper.swift in Sources */ = {isa = PBXBuildFile; fileRef = 84B46EF11DAFCF180033CB15 /* LayerAnimationHalper.swift */; };
		84B46EF41DAFCF4E0033CB15 /* ConstraintsHalper.swift in Sources */ = {isa = PBXBuildFile; fileRef = 84B46EF31DAFCF4D0033CB15 /* ConstraintsHalper.swift */; };
		84B743E81DFC00B500504C7A /* CarouselTransitionAnimationBroker.swift in Sources */ = {isa = PBXBuildFile; fileRef = 84B743E71DFC00B500504C7A /* CarouselTransitionAnimationBroker.swift */; };
		84B743EA1DFC077200504C7A /* OpenControllerTransition.swift in Sources */ = {isa = PBXBuildFile; fileRef = 84B743E91DFC077200504C7A /* OpenControllerTransition.swift */; };
		84C180CD1DAE155300C056F8 /* AppDelegate.swift in Sources */ = {isa = PBXBuildFile; fileRef = 84C180CC1DAE155300C056F8 /* AppDelegate.swift */; };
		84C180CF1DAE155300C056F8 /* CircleViewController.swift in Sources */ = {isa = PBXBuildFile; fileRef = 84C180CE1DAE155300C056F8 /* CircleViewController.swift */; };
		84C180D21DAE155300C056F8 /* Main.storyboard in Resources */ = {isa = PBXBuildFile; fileRef = 84C180D01DAE155300C056F8 /* Main.storyboard */; };
		84C180D41DAE155300C056F8 /* Assets.xcassets in Resources */ = {isa = PBXBuildFile; fileRef = 84C180D31DAE155300C056F8 /* Assets.xcassets */; };
		84C180D71DAE155300C056F8 /* LaunchScreen.storyboard in Resources */ = {isa = PBXBuildFile; fileRef = 84C180D51DAE155300C056F8 /* LaunchScreen.storyboard */; };
		84D4B78E1DB0C81B00EE38C6 /* DemoExpandingTableViewController.swift in Sources */ = {isa = PBXBuildFile; fileRef = 84D4B7881DB0C81B00EE38C6 /* DemoExpandingTableViewController.swift */; };
		84D4B78F1DB0C81B00EE38C6 /* DemoCollectionViewCell.swift in Sources */ = {isa = PBXBuildFile; fileRef = 84D4B78B1DB0C81B00EE38C6 /* DemoCollectionViewCell.swift */; };
		84D4B7901DB0C81B00EE38C6 /* DemoCollectionViewCell.xib in Resources */ = {isa = PBXBuildFile; fileRef = 84D4B78C1DB0C81B00EE38C6 /* DemoCollectionViewCell.xib */; };
		84D4B7911DB0C81B00EE38C6 /* DemoDemoExpandingViewControllerViewController.swift in Sources */ = {isa = PBXBuildFile; fileRef = 84D4B78D1DB0C81B00EE38C6 /* DemoDemoExpandingViewControllerViewController.swift */; };
		84D4B7961DB0C94700EE38C6 /* AnimationBarButton.swift in Sources */ = {isa = PBXBuildFile; fileRef = 84D4B7931DB0C94700EE38C6 /* AnimationBarButton.swift */; };
		84D4B7971DB0C94700EE38C6 /* Rotatable.swift in Sources */ = {isa = PBXBuildFile; fileRef = 84D4B7951DB0C94700EE38C6 /* Rotatable.swift */; };
		84D4B7D51DB107DF00EE38C6 /* ToolsAnimation.plist in Resources */ = {isa = PBXBuildFile; fileRef = 84D4B7D41DB107DF00EE38C6 /* ToolsAnimation.plist */; };
		84D4B7D71DB1098C00EE38C6 /* AnimatedTabBar.storyboard in Resources */ = {isa = PBXBuildFile; fileRef = 84D4B7D61DB1098C00EE38C6 /* AnimatedTabBar.storyboard */; };
		84D4B7DE1DB1251F00EE38C6 /* MainViewController.swift in Sources */ = {isa = PBXBuildFile; fileRef = 84D4B7DD1DB1251F00EE38C6 /* MainViewController.swift */; };
		84D4B7E01DB1273300EE38C6 /* ItemCell.swift in Sources */ = {isa = PBXBuildFile; fileRef = 84D4B7DF1DB1273300EE38C6 /* ItemCell.swift */; };
		84E1D09C1DF2B754006F620F /* MenuPopUpTransition.swift in Sources */ = {isa = PBXBuildFile; fileRef = 84E1D09B1DF2B754006F620F /* MenuPopUpTransition.swift */; };
		84E1D09F1DF2B863006F620F /* PopUpPresenter.swift in Sources */ = {isa = PBXBuildFile; fileRef = 84E1D09E1DF2B863006F620F /* PopUpPresenter.swift */; };
		84F0A97F1DE834F900C02332 /* CircleView.swift in Sources */ = {isa = PBXBuildFile; fileRef = 84F0A97E1DE834F900C02332 /* CircleView.swift */; };
		84F5AB2E1DAF75A600271439 /* FoldingTableViewController.swift in Sources */ = {isa = PBXBuildFile; fileRef = 84F5AB2D1DAF75A600271439 /* FoldingTableViewController.swift */; };
		84F5AB301DAF765D00271439 /* DemoFoldginCell.swift in Sources */ = {isa = PBXBuildFile; fileRef = 84F5AB2F1DAF765D00271439 /* DemoFoldginCell.swift */; };
		EACBBC787315D5EB519B123A /* Pods_Showroom.framework in Frameworks */ = {isa = PBXBuildFile; fileRef = 94D7A4FAAD9F6794937531A6 /* Pods_Showroom.framework */; };
/* End PBXBuildFile section */

/* Begin PBXCopyFilesBuildPhase section */
		84E1D0C31DF2D8A1006F620F /* Embed Frameworks */ = {
			isa = PBXCopyFilesBuildPhase;
			buildActionMask = 2147483647;
			dstPath = "";
			dstSubfolderSpec = 10;
			files = (
			);
			name = "Embed Frameworks";
			runOnlyForDeploymentPostprocessing = 0;
		};
/* End PBXCopyFilesBuildPhase section */

/* Begin PBXFileReference section */
		35EAF185BD8EE70244DEB4A2 /* Pods-Showroom.debug.xcconfig */ = {isa = PBXFileReference; includeInIndex = 1; lastKnownFileType = text.xcconfig; name = "Pods-Showroom.debug.xcconfig"; path = "Pods/Target Support Files/Pods-Showroom/Pods-Showroom.debug.xcconfig"; sourceTree = "<group>"; };
		841C950F1DDEEE0000B997F5 /* Navigation.storyboard */ = {isa = PBXFileReference; fileEncoding = 4; lastKnownFileType = file.storyboard; path = Navigation.storyboard; sourceTree = "<group>"; };
		841C95121DDEEED400B997F5 /* CarouselViewController.swift */ = {isa = PBXFileReference; fileEncoding = 4; lastKnownFileType = sourcecode.swift; path = CarouselViewController.swift; sourceTree = "<group>"; };
		841C95161DDEF39100B997F5 /* EasyCollectionView.swift */ = {isa = PBXFileReference; fileEncoding = 4; lastKnownFileType = sourcecode.swift; path = EasyCollectionView.swift; sourceTree = "<group>"; };
		841C95191DDEF74B00B997F5 /* ControlCollectionViewCell.swift */ = {isa = PBXFileReference; fileEncoding = 4; lastKnownFileType = sourcecode.swift; path = ControlCollectionViewCell.swift; sourceTree = "<group>"; };
		841C951C1DDEFA5B00B997F5 /* CarouselFlow.swift */ = {isa = PBXFileReference; fileEncoding = 4; lastKnownFileType = sourcecode.swift; path = CarouselFlow.swift; sourceTree = "<group>"; };
		842E3F3F1DF004620071037A /* UIView+Build.swift */ = {isa = PBXFileReference; fileEncoding = 4; lastKnownFileType = sourcecode.swift; path = "UIView+Build.swift"; sourceTree = "<group>"; };
		842E3F421DF016FF0071037A /* AboutTopView.swift */ = {isa = PBXFileReference; fileEncoding = 4; lastKnownFileType = sourcecode.swift; path = AboutTopView.swift; sourceTree = "<group>"; };
		842E3F451DF0214E0071037A /* CarouselSplashAnimationBroker.swift */ = {isa = PBXFileReference; fileEncoding = 4; lastKnownFileType = sourcecode.swift; path = CarouselSplashAnimationBroker.swift; sourceTree = "<group>"; };
		844AE71D1DB4AD9F0029FBD4 /* RAMControls.swift */ = {isa = PBXFileReference; fileEncoding = 4; lastKnownFileType = sourcecode.swift; path = RAMControls.swift; sourceTree = "<group>"; };
		844AE71F1DB4AFF20029FBD4 /* Controlls.swift */ = {isa = PBXFileReference; fileEncoding = 4; lastKnownFileType = sourcecode.swift; path = Controlls.swift; sourceTree = "<group>"; };
		844AE7261DB4C5F40029FBD4 /* SearchViewController.swift */ = {isa = PBXFileReference; fileEncoding = 4; lastKnownFileType = sourcecode.swift; path = SearchViewController.swift; sourceTree = "<group>"; };
		844AE7281DB4C6BD0029FBD4 /* WordReader.swift */ = {isa = PBXFileReference; fileEncoding = 4; lastKnownFileType = sourcecode.swift; path = WordReader.swift; sourceTree = "<group>"; };
		844AE72A1DB4C6DA0029FBD4 /* data.txt */ = {isa = PBXFileReference; fileEncoding = 4; lastKnownFileType = text; path = data.txt; sourceTree = "<group>"; };
		844AE72F1DB4D5D30029FBD4 /* NavigationStack.storyboard */ = {isa = PBXFileReference; fileEncoding = 4; lastKnownFileType = file.storyboard; name = NavigationStack.storyboard; path = ../NavigationStack.storyboard; sourceTree = "<group>"; };
		844AE7331DB4D9870029FBD4 /* FifthViewController.swift */ = {isa = PBXFileReference; fileEncoding = 4; lastKnownFileType = sourcecode.swift; path = FifthViewController.swift; sourceTree = "<group>"; };
		844AE7351DB4D9870029FBD4 /* FirstTableViewController.swift */ = {isa = PBXFileReference; fileEncoding = 4; lastKnownFileType = sourcecode.swift; path = FirstTableViewController.swift; sourceTree = "<group>"; };
		844AE7371DB4D9870029FBD4 /* SecondViewController.swift */ = {isa = PBXFileReference; fileEncoding = 4; lastKnownFileType = sourcecode.swift; path = SecondViewController.swift; sourceTree = "<group>"; };
		844AE7391DB4D9870029FBD4 /* ThirdViewController.swift */ = {isa = PBXFileReference; fileEncoding = 4; lastKnownFileType = sourcecode.swift; path = ThirdViewController.swift; sourceTree = "<group>"; };
		8468A72B1DE2E8D800D40917 /* BounceAnimationViewController.swift */ = {isa = PBXFileReference; fileEncoding = 4; lastKnownFileType = sourcecode.swift; path = BounceAnimationViewController.swift; sourceTree = "<group>"; };
		846E6FA81DF18D7300A7F02E /* ThingersTapViewController.swift */ = {isa = PBXFileReference; fileEncoding = 4; lastKnownFileType = sourcecode.swift; path = ThingersTapViewController.swift; sourceTree = "<group>"; };
		846E6FAB1DF1909200A7F02E /* ShowAlphaModalTransition.swift */ = {isa = PBXFileReference; fileEncoding = 4; lastKnownFileType = sourcecode.swift; path = ShowAlphaModalTransition.swift; sourceTree = "<group>"; };
		846E6FAE1DF1BF2800A7F02E /* MenuPopUpViewController.swift */ = {isa = PBXFileReference; fileEncoding = 4; lastKnownFileType = sourcecode.swift; path = MenuPopUpViewController.swift; sourceTree = "<group>"; };
		84760B191DE05E3500AF36FE /* AboutView.swift */ = {isa = PBXFileReference; fileEncoding = 4; lastKnownFileType = sourcecode.swift; path = AboutView.swift; sourceTree = "<group>"; };
		84760B1F1DE0796800AF36FE /* NodeAnimatable.swift */ = {isa = PBXFileReference; fileEncoding = 4; lastKnownFileType = sourcecode.swift; path = NodeAnimatable.swift; sourceTree = "<group>"; };
		84760B201DE0796800AF36FE /* NodeAnimations.swift */ = {isa = PBXFileReference; fileEncoding = 4; lastKnownFileType = sourcecode.swift; path = NodeAnimations.swift; sourceTree = "<group>"; };
		84760B221DE0796800AF36FE /* PopAnimationFactory.swift */ = {isa = PBXFileReference; fileEncoding = 4; lastKnownFileType = sourcecode.swift; path = PopAnimationFactory.swift; sourceTree = "<group>"; };
		84760B261DE07A1B00AF36FE /* Deley.swift */ = {isa = PBXFileReference; fileEncoding = 4; lastKnownFileType = sourcecode.swift; path = Deley.swift; sourceTree = "<group>"; };
		84760B291DE07C3B00AF36FE /* CarouserTitleView.swift */ = {isa = PBXFileReference; fileEncoding = 4; lastKnownFileType = sourcecode.swift; path = CarouserTitleView.swift; sourceTree = "<group>"; };
		8476E7141DDF066E0043B32C /* Graphik-Regular.otf */ = {isa = PBXFileReference; lastKnownFileType = file; path = "Graphik-Regular.otf"; sourceTree = "<group>"; };
		8476E7151DDF2D010043B32C /* Graphik-Medium.otf */ = {isa = PBXFileReference; lastKnownFileType = file; path = "Graphik-Medium.otf"; sourceTree = "<group>"; };
		8476E71B1DDF4C860043B32C /* Graphik-Semibold.otf */ = {isa = PBXFileReference; lastKnownFileType = file; path = "Graphik-Semibold.otf"; sourceTree = "<group>"; };
		84B46EDE1DAFAA6C0033CB15 /* SwitchViewController.swift */ = {isa = PBXFileReference; fileEncoding = 4; lastKnownFileType = sourcecode.swift; path = SwitchViewController.swift; sourceTree = "<group>"; };
		84B46EE31DAFB9AD0033CB15 /* OnboardingViewController.swift */ = {isa = PBXFileReference; fileEncoding = 4; lastKnownFileType = sourcecode.swift; path = OnboardingViewController.swift; sourceTree = "<group>"; };
		84B46EE91DAFCC7E0033CB15 /* Extensions.swift */ = {isa = PBXFileReference; fileEncoding = 4; lastKnownFileType = sourcecode.swift; path = Extensions.swift; sourceTree = "<group>"; };
		84B46EEB1DAFCC8C0033CB15 /* DemoDetailViewController.swift */ = {isa = PBXFileReference; fileEncoding = 4; lastKnownFileType = sourcecode.swift; path = DemoDetailViewController.swift; sourceTree = "<group>"; };
		84B46EEC1DAFCC8C0033CB15 /* DemoTableViewController.swift */ = {isa = PBXFileReference; fileEncoding = 4; lastKnownFileType = sourcecode.swift; path = DemoTableViewController.swift; sourceTree = "<group>"; };
		84B46EEF1DAFCED10033CB15 /* ScreenShot.swift */ = {isa = PBXFileReference; fileEncoding = 4; lastKnownFileType = sourcecode.swift; path = ScreenShot.swift; sourceTree = "<group>"; };
		84B46EF11DAFCF180033CB15 /* LayerAnimationHalper.swift */ = {isa = PBXFileReference; fileEncoding = 4; lastKnownFileType = sourcecode.swift; path = LayerAnimationHalper.swift; sourceTree = "<group>"; };
		84B46EF31DAFCF4D0033CB15 /* ConstraintsHalper.swift */ = {isa = PBXFileReference; fileEncoding = 4; lastKnownFileType = sourcecode.swift; path = ConstraintsHalper.swift; sourceTree = "<group>"; };
		84B743E71DFC00B500504C7A /* CarouselTransitionAnimationBroker.swift */ = {isa = PBXFileReference; fileEncoding = 4; lastKnownFileType = sourcecode.swift; path = CarouselTransitionAnimationBroker.swift; sourceTree = "<group>"; };
		84B743E91DFC077200504C7A /* OpenControllerTransition.swift */ = {isa = PBXFileReference; fileEncoding = 4; lastKnownFileType = sourcecode.swift; path = OpenControllerTransition.swift; sourceTree = "<group>"; };
		84C180C91DAE155300C056F8 /* Showroom.app */ = {isa = PBXFileReference; explicitFileType = wrapper.application; includeInIndex = 0; path = Showroom.app; sourceTree = BUILT_PRODUCTS_DIR; };
		84C180CC1DAE155300C056F8 /* AppDelegate.swift */ = {isa = PBXFileReference; lastKnownFileType = sourcecode.swift; path = AppDelegate.swift; sourceTree = "<group>"; };
		84C180CE1DAE155300C056F8 /* CircleViewController.swift */ = {isa = PBXFileReference; lastKnownFileType = sourcecode.swift; path = CircleViewController.swift; sourceTree = "<group>"; };
		84C180D11DAE155300C056F8 /* Base */ = {isa = PBXFileReference; lastKnownFileType = file.storyboard; name = Base; path = Base.lproj/Main.storyboard; sourceTree = "<group>"; };
		84C180D31DAE155300C056F8 /* Assets.xcassets */ = {isa = PBXFileReference; lastKnownFileType = folder.assetcatalog; path = Assets.xcassets; sourceTree = "<group>"; };
		84C180D61DAE155300C056F8 /* Base */ = {isa = PBXFileReference; lastKnownFileType = file.storyboard; name = Base; path = Base.lproj/LaunchScreen.storyboard; sourceTree = "<group>"; };
		84C180D81DAE155300C056F8 /* Info.plist */ = {isa = PBXFileReference; lastKnownFileType = text.plist.xml; path = Info.plist; sourceTree = "<group>"; };
		84D4B7881DB0C81B00EE38C6 /* DemoExpandingTableViewController.swift */ = {isa = PBXFileReference; fileEncoding = 4; lastKnownFileType = sourcecode.swift; path = DemoExpandingTableViewController.swift; sourceTree = "<group>"; };
		84D4B78B1DB0C81B00EE38C6 /* DemoCollectionViewCell.swift */ = {isa = PBXFileReference; fileEncoding = 4; lastKnownFileType = sourcecode.swift; path = DemoCollectionViewCell.swift; sourceTree = "<group>"; };
		84D4B78C1DB0C81B00EE38C6 /* DemoCollectionViewCell.xib */ = {isa = PBXFileReference; fileEncoding = 4; lastKnownFileType = file.xib; path = DemoCollectionViewCell.xib; sourceTree = "<group>"; };
		84D4B78D1DB0C81B00EE38C6 /* DemoDemoExpandingViewControllerViewController.swift */ = {isa = PBXFileReference; fileEncoding = 4; lastKnownFileType = sourcecode.swift; path = DemoDemoExpandingViewControllerViewController.swift; sourceTree = "<group>"; };
		84D4B7931DB0C94700EE38C6 /* AnimationBarButton.swift */ = {isa = PBXFileReference; fileEncoding = 4; lastKnownFileType = sourcecode.swift; path = AnimationBarButton.swift; sourceTree = "<group>"; };
		84D4B7951DB0C94700EE38C6 /* Rotatable.swift */ = {isa = PBXFileReference; fileEncoding = 4; lastKnownFileType = sourcecode.swift; path = Rotatable.swift; sourceTree = "<group>"; };
		84D4B7D41DB107DF00EE38C6 /* ToolsAnimation.plist */ = {isa = PBXFileReference; fileEncoding = 4; lastKnownFileType = text.plist.xml; path = ToolsAnimation.plist; sourceTree = "<group>"; };
		84D4B7D61DB1098C00EE38C6 /* AnimatedTabBar.storyboard */ = {isa = PBXFileReference; fileEncoding = 4; lastKnownFileType = file.storyboard; name = AnimatedTabBar.storyboard; path = ../AnimatedTabBar.storyboard; sourceTree = "<group>"; };
		84D4B7DD1DB1251F00EE38C6 /* MainViewController.swift */ = {isa = PBXFileReference; fileEncoding = 4; lastKnownFileType = sourcecode.swift; path = MainViewController.swift; sourceTree = "<group>"; };
		84D4B7DF1DB1273300EE38C6 /* ItemCell.swift */ = {isa = PBXFileReference; fileEncoding = 4; lastKnownFileType = sourcecode.swift; path = ItemCell.swift; sourceTree = "<group>"; };
		84E1D09B1DF2B754006F620F /* MenuPopUpTransition.swift */ = {isa = PBXFileReference; fileEncoding = 4; lastKnownFileType = sourcecode.swift; path = MenuPopUpTransition.swift; sourceTree = "<group>"; };
		84E1D09E1DF2B863006F620F /* PopUpPresenter.swift */ = {isa = PBXFileReference; fileEncoding = 4; lastKnownFileType = sourcecode.swift; name = PopUpPresenter.swift; path = ViewControllers/PopUps/PopUpPresenter.swift; sourceTree = "<group>"; };
		84F0A97E1DE834F900C02332 /* CircleView.swift */ = {isa = PBXFileReference; fileEncoding = 4; lastKnownFileType = sourcecode.swift; path = CircleView.swift; sourceTree = "<group>"; };
		84F5AB2D1DAF75A600271439 /* FoldingTableViewController.swift */ = {isa = PBXFileReference; fileEncoding = 4; lastKnownFileType = sourcecode.swift; path = FoldingTableViewController.swift; sourceTree = "<group>"; };
		84F5AB2F1DAF765D00271439 /* DemoFoldginCell.swift */ = {isa = PBXFileReference; fileEncoding = 4; lastKnownFileType = sourcecode.swift; path = DemoFoldginCell.swift; sourceTree = "<group>"; };
		94D7A4FAAD9F6794937531A6 /* Pods_Showroom.framework */ = {isa = PBXFileReference; explicitFileType = wrapper.framework; includeInIndex = 0; path = Pods_Showroom.framework; sourceTree = BUILT_PRODUCTS_DIR; };
		CE95552CDC265C4A066E4E13 /* Pods-Showroom.release.xcconfig */ = {isa = PBXFileReference; includeInIndex = 1; lastKnownFileType = text.xcconfig; name = "Pods-Showroom.release.xcconfig"; path = "Pods/Target Support Files/Pods-Showroom/Pods-Showroom.release.xcconfig"; sourceTree = "<group>"; };
/* End PBXFileReference section */

/* Begin PBXFrameworksBuildPhase section */
		84C180C61DAE155300C056F8 /* Frameworks */ = {
			isa = PBXFrameworksBuildPhase;
			buildActionMask = 2147483647;
			files = (
				EACBBC787315D5EB519B123A /* Pods_Showroom.framework in Frameworks */,
			);
			runOnlyForDeploymentPostprocessing = 0;
		};
/* End PBXFrameworksBuildPhase section */

/* Begin PBXGroup section */
		841C950E1DDEED1300B997F5 /* Storyboards */ = {
			isa = PBXGroup;
			children = (
				84C180D01DAE155300C056F8 /* Main.storyboard */,
				84C180D51DAE155300C056F8 /* LaunchScreen.storyboard */,
				84D4B7D61DB1098C00EE38C6 /* AnimatedTabBar.storyboard */,
				844AE72F1DB4D5D30029FBD4 /* NavigationStack.storyboard */,
				841C950F1DDEEE0000B997F5 /* Navigation.storyboard */,
			);
			path = Storyboards;
			sourceTree = "<group>";
		};
		841C95111DDEEEA200B997F5 /* CarouselViewController */ = {
			isa = PBXGroup;
			children = (
				842E3F441DF020EE0071037A /* Animations */,
				84760B281DE07C0200AF36FE /* Views */,
				841C951B1DDEFA3200B997F5 /* Flow */,
				841C95181DDEF71300B997F5 /* Cells */,
				841C95121DDEEED400B997F5 /* CarouselViewController.swift */,
			);
			name = CarouselViewController;
			path = ViewControllers/CarouselViewController;
			sourceTree = "<group>";
		};
		841C95141DDEF30900B997F5 /* Utilities */ = {
			isa = PBXGroup;
			children = (
				846E6FAA1DF1907600A7F02E /* Transitions */,
				842E3F3E1DF004420071037A /* Creater */,
				84760B1E1DE0794D00AF36FE /* Animations */,
				841C95151DDEF31A00B997F5 /* EasyCollection */,
				84760B261DE07A1B00AF36FE /* Deley.swift */,
			);
			path = Utilities;
			sourceTree = "<group>";
		};
		841C95151DDEF31A00B997F5 /* EasyCollection */ = {
			isa = PBXGroup;
			children = (
				841C95161DDEF39100B997F5 /* EasyCollectionView.swift */,
			);
			path = EasyCollection;
			sourceTree = "<group>";
		};
		841C95181DDEF71300B997F5 /* Cells */ = {
			isa = PBXGroup;
			children = (
				841C95191DDEF74B00B997F5 /* ControlCollectionViewCell.swift */,
			);
			path = Cells;
			sourceTree = "<group>";
		};
		841C951B1DDEFA3200B997F5 /* Flow */ = {
			isa = PBXGroup;
			children = (
				841C951C1DDEFA5B00B997F5 /* CarouselFlow.swift */,
			);
			path = Flow;
			sourceTree = "<group>";
		};
		841C951E1DDF035400B997F5 /* Fonts */ = {
			isa = PBXGroup;
			children = (
				8476E71B1DDF4C860043B32C /* Graphik-Semibold.otf */,
				8476E7151DDF2D010043B32C /* Graphik-Medium.otf */,
				8476E7141DDF066E0043B32C /* Graphik-Regular.otf */,
			);
			path = Fonts;
			sourceTree = "<group>";
		};
		842E3F3E1DF004420071037A /* Creater */ = {
			isa = PBXGroup;
			children = (
				842E3F3F1DF004620071037A /* UIView+Build.swift */,
			);
			path = Creater;
			sourceTree = "<group>";
		};
		842E3F411DF016C30071037A /* Views */ = {
			isa = PBXGroup;
			children = (
				842E3F421DF016FF0071037A /* AboutTopView.swift */,
			);
			path = Views;
			sourceTree = "<group>";
		};
		842E3F441DF020EE0071037A /* Animations */ = {
			isa = PBXGroup;
			children = (
				842E3F451DF0214E0071037A /* CarouselSplashAnimationBroker.swift */,
				84B743E71DFC00B500504C7A /* CarouselTransitionAnimationBroker.swift */,
			);
			path = Animations;
			sourceTree = "<group>";
		};
		844AE71B1DB4AC680029FBD4 /* ControllersList */ = {
			isa = PBXGroup;
			children = (
				84D4B7DD1DB1251F00EE38C6 /* MainViewController.swift */,
			);
			name = ControllersList;
			sourceTree = "<group>";
		};
		844AE71C1DB4AD4E0029FBD4 /* Enums */ = {
			isa = PBXGroup;
			children = (
				844AE71D1DB4AD9F0029FBD4 /* RAMControls.swift */,
				844AE71F1DB4AFF20029FBD4 /* Controlls.swift */,
			);
			name = Enums;
			sourceTree = "<group>";
		};
		844AE7251DB4C59F0029FBD4 /* SearchViewController */ = {
			isa = PBXGroup;
			children = (
				844AE72A1DB4C6DA0029FBD4 /* data.txt */,
				844AE7281DB4C6BD0029FBD4 /* WordReader.swift */,
				844AE7261DB4C5F40029FBD4 /* SearchViewController.swift */,
			);
			name = SearchViewController;
			path = ViewControllers/SearchViewController;
			sourceTree = "<group>";
		};
		844AE7311DB4D9640029FBD4 /* NavigaitionStack */ = {
			isa = PBXGroup;
			children = (
				844AE7321DB4D9870029FBD4 /* FifthViewController */,
				844AE7341DB4D9870029FBD4 /* FirstViewController */,
				844AE7361DB4D9870029FBD4 /* SecondViewController */,
				844AE7381DB4D9870029FBD4 /* ThirdViewController */,
			);
			name = NavigaitionStack;
			path = ViewControllers/NavigationStack;
			sourceTree = "<group>";
		};
		844AE7321DB4D9870029FBD4 /* FifthViewController */ = {
			isa = PBXGroup;
			children = (
				844AE7331DB4D9870029FBD4 /* FifthViewController.swift */,
			);
			path = FifthViewController;
			sourceTree = "<group>";
		};
		844AE7341DB4D9870029FBD4 /* FirstViewController */ = {
			isa = PBXGroup;
			children = (
				844AE7351DB4D9870029FBD4 /* FirstTableViewController.swift */,
			);
			path = FirstViewController;
			sourceTree = "<group>";
		};
		844AE7361DB4D9870029FBD4 /* SecondViewController */ = {
			isa = PBXGroup;
			children = (
				844AE7371DB4D9870029FBD4 /* SecondViewController.swift */,
			);
			path = SecondViewController;
			sourceTree = "<group>";
		};
		844AE7381DB4D9870029FBD4 /* ThirdViewController */ = {
			isa = PBXGroup;
			children = (
				844AE7391DB4D9870029FBD4 /* ThirdViewController.swift */,
			);
			path = ThirdViewController;
			sourceTree = "<group>";
		};
		846E6FA71DF171E800A7F02E /* ThingersTapViewController */ = {
			isa = PBXGroup;
			children = (
				846E6FA81DF18D7300A7F02E /* ThingersTapViewController.swift */,
			);
			name = ThingersTapViewController;
			path = ViewControllers/ThingersTapViewController;
			sourceTree = "<group>";
		};
		846E6FAA1DF1907600A7F02E /* Transitions */ = {
			isa = PBXGroup;
			children = (
				846E6FAB1DF1909200A7F02E /* ShowAlphaModalTransition.swift */,
				84E1D09B1DF2B754006F620F /* MenuPopUpTransition.swift */,
				84B743E91DFC077200504C7A /* OpenControllerTransition.swift */,
			);
			path = Transitions;
			sourceTree = "<group>";
		};
		846E6FAD1DF1BEF500A7F02E /* MenuPopUpViewController */ = {
			isa = PBXGroup;
			children = (
				846E6FAE1DF1BF2800A7F02E /* MenuPopUpViewController.swift */,
			);
			name = MenuPopUpViewController;
			path = ViewControllers/MenuPopUpViewController;
			sourceTree = "<group>";
		};
		84760B151DE052D700AF36FE /* AboutView */ = {
			isa = PBXGroup;
			children = (
				842E3F411DF016C30071037A /* Views */,
				84760B191DE05E3500AF36FE /* AboutView.swift */,
			);
			name = AboutView;
			path = ViewControllers/AboutView;
			sourceTree = "<group>";
		};
		84760B1E1DE0794D00AF36FE /* Animations */ = {
			isa = PBXGroup;
			children = (
				84760B1F1DE0796800AF36FE /* NodeAnimatable.swift */,
				84760B201DE0796800AF36FE /* NodeAnimations.swift */,
				84760B211DE0796800AF36FE /* POPAnimationFactory */,
			);
			path = Animations;
			sourceTree = "<group>";
		};
		84760B211DE0796800AF36FE /* POPAnimationFactory */ = {
			isa = PBXGroup;
			children = (
				84760B221DE0796800AF36FE /* PopAnimationFactory.swift */,
			);
			path = POPAnimationFactory;
			sourceTree = "<group>";
		};
		84760B281DE07C0200AF36FE /* Views */ = {
			isa = PBXGroup;
			children = (
				84760B291DE07C3B00AF36FE /* CarouserTitleView.swift */,
			);
			path = Views;
			sourceTree = "<group>";
		};
		84B46EE81DAFCC1C0033CB15 /* PreviewTransition */ = {
			isa = PBXGroup;
			children = (
				84B46EF31DAFCF4D0033CB15 /* ConstraintsHalper.swift */,
				84B46EF11DAFCF180033CB15 /* LayerAnimationHalper.swift */,
				84B46EEF1DAFCED10033CB15 /* ScreenShot.swift */,
				84B46EEB1DAFCC8C0033CB15 /* DemoDetailViewController.swift */,
				84B46EEC1DAFCC8C0033CB15 /* DemoTableViewController.swift */,
				84B46EE91DAFCC7E0033CB15 /* Extensions.swift */,
			);
			path = PreviewTransition;
			sourceTree = "<group>";
		};
		84C180C01DAE155300C056F8 = {
			isa = PBXGroup;
			children = (
				84D4B7DA1DB11D1500EE38C6 /* Frameworks */,
				84C180CB1DAE155300C056F8 /* Showroom */,
				84C180CA1DAE155300C056F8 /* Products */,
				AB1C92CE5CA12B33B8B1BD47 /* Pods */,
			);
			sourceTree = "<group>";
		};
		84C180CA1DAE155300C056F8 /* Products */ = {
			isa = PBXGroup;
			children = (
				84C180C91DAE155300C056F8 /* Showroom.app */,
			);
			name = Products;
			sourceTree = "<group>";
		};
		84C180CB1DAE155300C056F8 /* Showroom */ = {
			isa = PBXGroup;
			children = (
				84F0A97C1DE834A900C02332 /* Views */,
				841C951E1DDF035400B997F5 /* Fonts */,
				841C95141DDEF30900B997F5 /* Utilities */,
				841C950E1DDEED1300B997F5 /* Storyboards */,
				844AE71C1DB4AD4E0029FBD4 /* Enums */,
				84D4B7DB1DB11DA400EE38C6 /* ViewControllers */,
				84C180CC1DAE155300C056F8 /* AppDelegate.swift */,
				84C180D31DAE155300C056F8 /* Assets.xcassets */,
				84C180D81DAE155300C056F8 /* Info.plist */,
				84D4B7DF1DB1273300EE38C6 /* ItemCell.swift */,
			);
			path = Showroom;
			sourceTree = "<group>";
		};
		84D4B7861DB0C7CC00EE38C6 /* ExpandingCollection */ = {
			isa = PBXGroup;
			children = (
				84D4B7921DB0C94700EE38C6 /* AnimatingBarButton */,
				84D4B7871DB0C81B00EE38C6 /* DemoTableViewController */,
				84D4B7891DB0C81B00EE38C6 /* DemoViewController */,
			);
			path = ExpandingCollection;
			sourceTree = "<group>";
		};
		84D4B7871DB0C81B00EE38C6 /* DemoTableViewController */ = {
			isa = PBXGroup;
			children = (
				84D4B7881DB0C81B00EE38C6 /* DemoExpandingTableViewController.swift */,
			);
			path = DemoTableViewController;
			sourceTree = "<group>";
		};
		84D4B7891DB0C81B00EE38C6 /* DemoViewController */ = {
			isa = PBXGroup;
			children = (
				84D4B78A1DB0C81B00EE38C6 /* Cells */,
				84D4B78D1DB0C81B00EE38C6 /* DemoDemoExpandingViewControllerViewController.swift */,
			);
			path = DemoViewController;
			sourceTree = "<group>";
		};
		84D4B78A1DB0C81B00EE38C6 /* Cells */ = {
			isa = PBXGroup;
			children = (
				84D4B78B1DB0C81B00EE38C6 /* DemoCollectionViewCell.swift */,
				84D4B78C1DB0C81B00EE38C6 /* DemoCollectionViewCell.xib */,
			);
			path = Cells;
			sourceTree = "<group>";
		};
		84D4B7921DB0C94700EE38C6 /* AnimatingBarButton */ = {
			isa = PBXGroup;
			children = (
				84D4B7931DB0C94700EE38C6 /* AnimationBarButton.swift */,
				84D4B7941DB0C94700EE38C6 /* Animations */,
			);
			path = AnimatingBarButton;
			sourceTree = "<group>";
		};
		84D4B7941DB0C94700EE38C6 /* Animations */ = {
			isa = PBXGroup;
			children = (
				84D4B7951DB0C94700EE38C6 /* Rotatable.swift */,
			);
			path = Animations;
			sourceTree = "<group>";
		};
		84D4B7D21DB1077300EE38C6 /* AnimationTabBar */ = {
			isa = PBXGroup;
			children = (
				84D4B7D31DB107DF00EE38C6 /* Resources */,
				8468A72B1DE2E8D800D40917 /* BounceAnimationViewController.swift */,
			);
			path = AnimationTabBar;
			sourceTree = "<group>";
		};
		84D4B7D31DB107DF00EE38C6 /* Resources */ = {
			isa = PBXGroup;
			children = (
				84D4B7D41DB107DF00EE38C6 /* ToolsAnimation.plist */,
			);
			path = Resources;
			sourceTree = "<group>";
		};
		84D4B7DA1DB11D1500EE38C6 /* Frameworks */ = {
			isa = PBXGroup;
			children = (
				94D7A4FAAD9F6794937531A6 /* Pods_Showroom.framework */,
			);
			name = Frameworks;
			sourceTree = "<group>";
		};
		84D4B7DB1DB11DA400EE38C6 /* ViewControllers */ = {
			isa = PBXGroup;
			children = (
				84E1D09D1DF2B842006F620F /* PopUps */,
				84760B151DE052D700AF36FE /* AboutView */,
				841C95111DDEEEA200B997F5 /* CarouselViewController */,
				844AE7311DB4D9640029FBD4 /* NavigaitionStack */,
				844AE7251DB4C59F0029FBD4 /* SearchViewController */,
				844AE71B1DB4AC680029FBD4 /* ControllersList */,
				84D4B7D21DB1077300EE38C6 /* AnimationTabBar */,
				84D4B7861DB0C7CC00EE38C6 /* ExpandingCollection */,
				84B46EE81DAFCC1C0033CB15 /* PreviewTransition */,
				84F5AB2D1DAF75A600271439 /* FoldingTableViewController.swift */,
				84C180CE1DAE155300C056F8 /* CircleViewController.swift */,
				84F5AB2F1DAF765D00271439 /* DemoFoldginCell.swift */,
				84B46EDE1DAFAA6C0033CB15 /* SwitchViewController.swift */,
				84B46EE31DAFB9AD0033CB15 /* OnboardingViewController.swift */,
			);
			name = ViewControllers;
			sourceTree = "<group>";
		};
		84E1D09D1DF2B842006F620F /* PopUps */ = {
			isa = PBXGroup;
			children = (
				846E6FAD1DF1BEF500A7F02E /* MenuPopUpViewController */,
				846E6FA71DF171E800A7F02E /* ThingersTapViewController */,
				84E1D09E1DF2B863006F620F /* PopUpPresenter.swift */,
			);
			name = PopUps;
			sourceTree = "<group>";
		};
		84F0A97C1DE834A900C02332 /* Views */ = {
			isa = PBXGroup;
			children = (
				84F0A97D1DE834C900C02332 /* CircleView */,
			);
			path = Views;
			sourceTree = "<group>";
		};
		84F0A97D1DE834C900C02332 /* CircleView */ = {
			isa = PBXGroup;
			children = (
				84F0A97E1DE834F900C02332 /* CircleView.swift */,
			);
			path = CircleView;
			sourceTree = "<group>";
		};
		AB1C92CE5CA12B33B8B1BD47 /* Pods */ = {
			isa = PBXGroup;
			children = (
				35EAF185BD8EE70244DEB4A2 /* Pods-Showroom.debug.xcconfig */,
				CE95552CDC265C4A066E4E13 /* Pods-Showroom.release.xcconfig */,
			);
			name = Pods;
			sourceTree = "<group>";
		};
/* End PBXGroup section */

/* Begin PBXNativeTarget section */
		84C180C81DAE155300C056F8 /* Showroom */ = {
			isa = PBXNativeTarget;
			buildConfigurationList = 84C180DB1DAE155300C056F8 /* Build configuration list for PBXNativeTarget "Showroom" */;
			buildPhases = (
				6FF9E6E5D8E3C47E5924365E /* [CP] Check Pods Manifest.lock */,
				84C180C51DAE155300C056F8 /* Sources */,
				84C180C61DAE155300C056F8 /* Frameworks */,
				84C180C71DAE155300C056F8 /* Resources */,
				84E1D0C31DF2D8A1006F620F /* Embed Frameworks */,
				B5F01A9E45C851CC645F13D1 /* [CP] Embed Pods Frameworks */,
				A5256FA3ADC55E7C2C4674AB /* [CP] Copy Pods Resources */,
			);
			buildRules = (
			);
			dependencies = (
			);
			name = Showroom;
			productName = RAMControls;
			productReference = 84C180C91DAE155300C056F8 /* Showroom.app */;
			productType = "com.apple.product-type.application";
		};
/* End PBXNativeTarget section */

/* Begin PBXProject section */
		84C180C11DAE155300C056F8 /* Project object */ = {
			isa = PBXProject;
			attributes = {
				LastSwiftUpdateCheck = 0800;
				LastUpgradeCheck = 0810;
				ORGANIZATIONNAME = "Alex K.";
				TargetAttributes = {
					84C180C81DAE155300C056F8 = {
						CreatedOnToolsVersion = 8.0;
						DevelopmentTeam = 34MUF9YXTA;
						ProvisioningStyle = Automatic;
					};
				};
			};
			buildConfigurationList = 84C180C41DAE155300C056F8 /* Build configuration list for PBXProject "Showroom" */;
			compatibilityVersion = "Xcode 3.2";
			developmentRegion = English;
			hasScannedForEncodings = 0;
			knownRegions = (
				en,
				Base,
			);
			mainGroup = 84C180C01DAE155300C056F8;
			productRefGroup = 84C180CA1DAE155300C056F8 /* Products */;
			projectDirPath = "";
			projectRoot = "";
			targets = (
				84C180C81DAE155300C056F8 /* Showroom */,
			);
		};
/* End PBXProject section */

/* Begin PBXResourcesBuildPhase section */
		84C180C71DAE155300C056F8 /* Resources */ = {
			isa = PBXResourcesBuildPhase;
			buildActionMask = 2147483647;
			files = (
				84C180D71DAE155300C056F8 /* LaunchScreen.storyboard in Resources */,
				8476E71C1DDF4C860043B32C /* Graphik-Semibold.otf in Resources */,
				84D4B7D71DB1098C00EE38C6 /* AnimatedTabBar.storyboard in Resources */,
				84C180D41DAE155300C056F8 /* Assets.xcassets in Resources */,
				844AE7301DB4D5D30029FBD4 /* NavigationStack.storyboard in Resources */,
				84D4B7D51DB107DF00EE38C6 /* ToolsAnimation.plist in Resources */,
				84C180D21DAE155300C056F8 /* Main.storyboard in Resources */,
				8476E7171DDF2D060043B32C /* Graphik-Regular.otf in Resources */,
				841C95101DDEEE0000B997F5 /* Navigation.storyboard in Resources */,
				844AE72B1DB4C6DA0029FBD4 /* data.txt in Resources */,
				8476E7161DDF2D010043B32C /* Graphik-Medium.otf in Resources */,
				84D4B7901DB0C81B00EE38C6 /* DemoCollectionViewCell.xib in Resources */,
			);
			runOnlyForDeploymentPostprocessing = 0;
		};
/* End PBXResourcesBuildPhase section */

/* Begin PBXShellScriptBuildPhase section */
		6FF9E6E5D8E3C47E5924365E /* [CP] Check Pods Manifest.lock */ = {
			isa = PBXShellScriptBuildPhase;
			buildActionMask = 2147483647;
			files = (
			);
			inputPaths = (
			);
			name = "[CP] Check Pods Manifest.lock";
			outputPaths = (
			);
			runOnlyForDeploymentPostprocessing = 0;
			shellPath = /bin/sh;
			shellScript = "diff \"${PODS_ROOT}/../Podfile.lock\" \"${PODS_ROOT}/Manifest.lock\" > /dev/null\nif [ $? != 0 ] ; then\n    # print error to STDERR\n    echo \"error: The sandbox is not in sync with the Podfile.lock. Run 'pod install' or update your CocoaPods installation.\" >&2\n    exit 1\nfi\n";
			showEnvVarsInLog = 0;
		};
		A5256FA3ADC55E7C2C4674AB /* [CP] Copy Pods Resources */ = {
			isa = PBXShellScriptBuildPhase;
			buildActionMask = 2147483647;
			files = (
			);
			inputPaths = (
			);
			name = "[CP] Copy Pods Resources";
			outputPaths = (
			);
			runOnlyForDeploymentPostprocessing = 0;
			shellPath = /bin/sh;
			shellScript = "\"${SRCROOT}/Pods/Target Support Files/Pods-Showroom/Pods-Showroom-resources.sh\"\n";
			showEnvVarsInLog = 0;
		};
		B5F01A9E45C851CC645F13D1 /* [CP] Embed Pods Frameworks */ = {
			isa = PBXShellScriptBuildPhase;
			buildActionMask = 2147483647;
			files = (
			);
			inputPaths = (
			);
			name = "[CP] Embed Pods Frameworks";
			outputPaths = (
			);
			runOnlyForDeploymentPostprocessing = 0;
			shellPath = /bin/sh;
			shellScript = "\"${SRCROOT}/Pods/Target Support Files/Pods-Showroom/Pods-Showroom-frameworks.sh\"\n";
			showEnvVarsInLog = 0;
		};
/* End PBXShellScriptBuildPhase section */

/* Begin PBXSourcesBuildPhase section */
		84C180C51DAE155300C056F8 /* Sources */ = {
			isa = PBXSourcesBuildPhase;
			buildActionMask = 2147483647;
			files = (
				84760B1A1DE05E3500AF36FE /* AboutView.swift in Sources */,
				841C951D1DDEFA5B00B997F5 /* CarouselFlow.swift in Sources */,
				84B46EED1DAFCC8C0033CB15 /* DemoDetailViewController.swift in Sources */,
				844AE7291DB4C6BD0029FBD4 /* WordReader.swift in Sources */,
				84B46EF01DAFCED10033CB15 /* ScreenShot.swift in Sources */,
				84F5AB301DAF765D00271439 /* DemoFoldginCell.swift in Sources */,
				844AE73B1DB4D9870029FBD4 /* FirstTableViewController.swift in Sources */,
				8468A72C1DE2E8D800D40917 /* BounceAnimationViewController.swift in Sources */,
				841C95171DDEF39100B997F5 /* EasyCollectionView.swift in Sources */,
				84B46EE41DAFB9AD0033CB15 /* OnboardingViewController.swift in Sources */,
				84E1D09F1DF2B863006F620F /* PopUpPresenter.swift in Sources */,
				844AE73C1DB4D9870029FBD4 /* SecondViewController.swift in Sources */,
				84B743E81DFC00B500504C7A /* CarouselTransitionAnimationBroker.swift in Sources */,
				84E1D09C1DF2B754006F620F /* MenuPopUpTransition.swift in Sources */,
				84D4B7961DB0C94700EE38C6 /* AnimationBarButton.swift in Sources */,
				841C95131DDEEED400B997F5 /* CarouselViewController.swift in Sources */,
				842E3F461DF0214E0071037A /* CarouselSplashAnimationBroker.swift in Sources */,
				84760B241DE0796800AF36FE /* NodeAnimations.swift in Sources */,
				841C951A1DDEF74B00B997F5 /* ControlCollectionViewCell.swift in Sources */,
				84F0A97F1DE834F900C02332 /* CircleView.swift in Sources */,
				84C180CF1DAE155300C056F8 /* CircleViewController.swift in Sources */,
				84D4B7E01DB1273300EE38C6 /* ItemCell.swift in Sources */,
				84B46EDF1DAFAA6C0033CB15 /* SwitchViewController.swift in Sources */,
				84B743EA1DFC077200504C7A /* OpenControllerTransition.swift in Sources */,
				84760B271DE07A1B00AF36FE /* Deley.swift in Sources */,
				84B46EF41DAFCF4E0033CB15 /* ConstraintsHalper.swift in Sources */,
				84D4B78F1DB0C81B00EE38C6 /* DemoCollectionViewCell.swift in Sources */,
				84760B231DE0796800AF36FE /* NodeAnimatable.swift in Sources */,
				84760B2A1DE07C3B00AF36FE /* CarouserTitleView.swift in Sources */,
				84D4B78E1DB0C81B00EE38C6 /* DemoExpandingTableViewController.swift in Sources */,
				846E6FAC1DF1909200A7F02E /* ShowAlphaModalTransition.swift in Sources */,
				844AE73A1DB4D9870029FBD4 /* FifthViewController.swift in Sources */,
				84D4B7911DB0C81B00EE38C6 /* DemoDemoExpandingViewControllerViewController.swift in Sources */,
				844AE7271DB4C5F40029FBD4 /* SearchViewController.swift in Sources */,
				844AE71E1DB4AD9F0029FBD4 /* RAMControls.swift in Sources */,
				84D4B7971DB0C94700EE38C6 /* Rotatable.swift in Sources */,
				844AE73D1DB4D9870029FBD4 /* ThirdViewController.swift in Sources */,
				84F5AB2E1DAF75A600271439 /* FoldingTableViewController.swift in Sources */,
				84C180CD1DAE155300C056F8 /* AppDelegate.swift in Sources */,
				84B46EF21DAFCF180033CB15 /* LayerAnimationHalper.swift in Sources */,
				84D4B7DE1DB1251F00EE38C6 /* MainViewController.swift in Sources */,
				842E3F431DF016FF0071037A /* AboutTopView.swift in Sources */,
				84B46EEA1DAFCC7E0033CB15 /* Extensions.swift in Sources */,
				84760B251DE0796800AF36FE /* PopAnimationFactory.swift in Sources */,
				84B46EEE1DAFCC8C0033CB15 /* DemoTableViewController.swift in Sources */,
				844AE7201DB4AFF20029FBD4 /* Controlls.swift in Sources */,
				846E6FA91DF18D7300A7F02E /* ThingersTapViewController.swift in Sources */,
				846E6FAF1DF1BF2800A7F02E /* MenuPopUpViewController.swift in Sources */,
				842E3F401DF004620071037A /* UIView+Build.swift in Sources */,
			);
			runOnlyForDeploymentPostprocessing = 0;
		};
/* End PBXSourcesBuildPhase section */

/* Begin PBXVariantGroup section */
		84C180D01DAE155300C056F8 /* Main.storyboard */ = {
			isa = PBXVariantGroup;
			children = (
				84C180D11DAE155300C056F8 /* Base */,
			);
			name = Main.storyboard;
			path = ..;
			sourceTree = "<group>";
		};
		84C180D51DAE155300C056F8 /* LaunchScreen.storyboard */ = {
			isa = PBXVariantGroup;
			children = (
				84C180D61DAE155300C056F8 /* Base */,
			);
			name = LaunchScreen.storyboard;
			path = ..;
			sourceTree = "<group>";
		};
/* End PBXVariantGroup section */

/* Begin XCBuildConfiguration section */
		84C180D91DAE155300C056F8 /* Debug */ = {
			isa = XCBuildConfiguration;
			buildSettings = {
				ALWAYS_SEARCH_USER_PATHS = YES;
				CLANG_ANALYZER_NONNULL = YES;
				CLANG_CXX_LANGUAGE_STANDARD = "gnu++0x";
				CLANG_CXX_LIBRARY = "libc++";
				CLANG_ENABLE_MODULES = YES;
				CLANG_ENABLE_OBJC_ARC = YES;
				CLANG_WARN_BOOL_CONVERSION = YES;
				CLANG_WARN_CONSTANT_CONVERSION = YES;
				CLANG_WARN_DIRECT_OBJC_ISA_USAGE = YES_ERROR;
				CLANG_WARN_DOCUMENTATION_COMMENTS = YES;
				CLANG_WARN_EMPTY_BODY = YES;
				CLANG_WARN_ENUM_CONVERSION = YES;
				CLANG_WARN_INFINITE_RECURSION = YES;
				CLANG_WARN_INT_CONVERSION = YES;
				CLANG_WARN_OBJC_ROOT_CLASS = YES_ERROR;
				CLANG_WARN_SUSPICIOUS_MOVE = YES;
				CLANG_WARN_SUSPICIOUS_MOVES = YES;
				CLANG_WARN_UNREACHABLE_CODE = YES;
				CLANG_WARN__DUPLICATE_METHOD_MATCH = YES;
				"CODE_SIGN_IDENTITY[sdk=iphoneos*]" = "iPhone Developer";
				COPY_PHASE_STRIP = NO;
				DEBUG_INFORMATION_FORMAT = dwarf;
				ENABLE_STRICT_OBJC_MSGSEND = YES;
				ENABLE_TESTABILITY = YES;
				FRAMEWORK_SEARCH_PATHS = "$(inherited)";
				GCC_C_LANGUAGE_STANDARD = gnu99;
				GCC_DYNAMIC_NO_PIC = NO;
				GCC_NO_COMMON_BLOCKS = YES;
				GCC_OPTIMIZATION_LEVEL = 0;
				GCC_PREPROCESSOR_DEFINITIONS = (
					"DEBUG=1",
					"$(inherited)",
				);
				GCC_WARN_64_TO_32_BIT_CONVERSION = YES;
				GCC_WARN_ABOUT_RETURN_TYPE = YES_ERROR;
				GCC_WARN_UNDECLARED_SELECTOR = YES;
				GCC_WARN_UNINITIALIZED_AUTOS = YES_AGGRESSIVE;
				GCC_WARN_UNUSED_FUNCTION = YES;
				GCC_WARN_UNUSED_VARIABLE = YES;
				IPHONEOS_DEPLOYMENT_TARGET = 10.1;
				MTL_ENABLE_DEBUG_INFO = YES;
				ONLY_ACTIVE_ARCH = YES;
				SDKROOT = iphoneos;
				SWIFT_ACTIVE_COMPILATION_CONDITIONS = DEBUG;
				SWIFT_OPTIMIZATION_LEVEL = "-Onone";
				SWIFT_VERSION = 3.0;
			};
			name = Debug;
		};
		84C180DA1DAE155300C056F8 /* Release */ = {
			isa = XCBuildConfiguration;
			buildSettings = {
				ALWAYS_SEARCH_USER_PATHS = YES;
				CLANG_ANALYZER_NONNULL = YES;
				CLANG_CXX_LANGUAGE_STANDARD = "gnu++0x";
				CLANG_CXX_LIBRARY = "libc++";
				CLANG_ENABLE_MODULES = YES;
				CLANG_ENABLE_OBJC_ARC = YES;
				CLANG_WARN_BOOL_CONVERSION = YES;
				CLANG_WARN_CONSTANT_CONVERSION = YES;
				CLANG_WARN_DIRECT_OBJC_ISA_USAGE = YES_ERROR;
				CLANG_WARN_DOCUMENTATION_COMMENTS = YES;
				CLANG_WARN_EMPTY_BODY = YES;
				CLANG_WARN_ENUM_CONVERSION = YES;
				CLANG_WARN_INFINITE_RECURSION = YES;
				CLANG_WARN_INT_CONVERSION = YES;
				CLANG_WARN_OBJC_ROOT_CLASS = YES_ERROR;
				CLANG_WARN_SUSPICIOUS_MOVE = YES;
				CLANG_WARN_SUSPICIOUS_MOVES = YES;
				CLANG_WARN_UNREACHABLE_CODE = YES;
				CLANG_WARN__DUPLICATE_METHOD_MATCH = YES;
				"CODE_SIGN_IDENTITY[sdk=iphoneos*]" = "iPhone Developer";
				COPY_PHASE_STRIP = NO;
				DEBUG_INFORMATION_FORMAT = "dwarf-with-dsym";
				ENABLE_NS_ASSERTIONS = NO;
				ENABLE_STRICT_OBJC_MSGSEND = YES;
				FRAMEWORK_SEARCH_PATHS = "$(inherited)";
				GCC_C_LANGUAGE_STANDARD = gnu99;
				GCC_NO_COMMON_BLOCKS = YES;
				GCC_WARN_64_TO_32_BIT_CONVERSION = YES;
				GCC_WARN_ABOUT_RETURN_TYPE = YES_ERROR;
				GCC_WARN_UNDECLARED_SELECTOR = YES;
				GCC_WARN_UNINITIALIZED_AUTOS = YES_AGGRESSIVE;
				GCC_WARN_UNUSED_FUNCTION = YES;
				GCC_WARN_UNUSED_VARIABLE = YES;
				IPHONEOS_DEPLOYMENT_TARGET = 10.1;
				MTL_ENABLE_DEBUG_INFO = NO;
				ONLY_ACTIVE_ARCH = NO;
				SDKROOT = iphoneos;
				SWIFT_OPTIMIZATION_LEVEL = "-Owholemodule";
				SWIFT_VERSION = 3.0;
				VALIDATE_PRODUCT = YES;
			};
			name = Release;
		};
		84C180DC1DAE155300C056F8 /* Debug */ = {
			isa = XCBuildConfiguration;
			baseConfigurationReference = 35EAF185BD8EE70244DEB4A2 /* Pods-Showroom.debug.xcconfig */;
			buildSettings = {
				ALWAYS_EMBED_SWIFT_STANDARD_LIBRARIES = YES;
				ALWAYS_SEARCH_USER_PATHS = NO;
				ASSETCATALOG_COMPILER_APPICON_NAME = AppIcon;
				DEVELOPMENT_TEAM = 34MUF9YXTA;
				FRAMEWORK_SEARCH_PATHS = "$(inherited)";
				INFOPLIST_FILE = Showroom/Info.plist;
				IPHONEOS_DEPLOYMENT_TARGET = 10.0;
				LD_RUNPATH_SEARCH_PATHS = "$(inherited) @executable_path/Frameworks";
				ONLY_ACTIVE_ARCH = YES;
				PRODUCT_BUNDLE_IDENTIFIER = com.ramotion.showroom;
				PRODUCT_NAME = "$(TARGET_NAME)";
				SWIFT_VERSION = 3.0;
			};
			name = Debug;
		};
		84C180DD1DAE155300C056F8 /* Release */ = {
			isa = XCBuildConfiguration;
			baseConfigurationReference = CE95552CDC265C4A066E4E13 /* Pods-Showroom.release.xcconfig */;
			buildSettings = {
				ALWAYS_EMBED_SWIFT_STANDARD_LIBRARIES = YES;
				ALWAYS_SEARCH_USER_PATHS = NO;
				ASSETCATALOG_COMPILER_APPICON_NAME = AppIcon;
				DEVELOPMENT_TEAM = 34MUF9YXTA;
				FRAMEWORK_SEARCH_PATHS = "$(inherited)";
				INFOPLIST_FILE = Showroom/Info.plist;
				IPHONEOS_DEPLOYMENT_TARGET = 10.0;
				LD_RUNPATH_SEARCH_PATHS = "$(inherited) @executable_path/Frameworks";
				ONLY_ACTIVE_ARCH = NO;
				PRODUCT_BUNDLE_IDENTIFIER = com.ramotion.showroom;
				PRODUCT_NAME = "$(TARGET_NAME)";
				SWIFT_VERSION = 3.0;
			};
			name = Release;
		};
/* End XCBuildConfiguration section */

/* Begin XCConfigurationList section */
		84C180C41DAE155300C056F8 /* Build configuration list for PBXProject "Showroom" */ = {
			isa = XCConfigurationList;
			buildConfigurations = (
				84C180D91DAE155300C056F8 /* Debug */,
				84C180DA1DAE155300C056F8 /* Release */,
			);
			defaultConfigurationIsVisible = 0;
			defaultConfigurationName = Release;
		};
		84C180DB1DAE155300C056F8 /* Build configuration list for PBXNativeTarget "Showroom" */ = {
			isa = XCConfigurationList;
			buildConfigurations = (
				84C180DC1DAE155300C056F8 /* Debug */,
				84C180DD1DAE155300C056F8 /* Release */,
			);
			defaultConfigurationIsVisible = 0;
			defaultConfigurationName = Release;
		};
/* End XCConfigurationList section */
	};
	rootObject = 84C180C11DAE155300C056F8 /* Project object */;
}
