PODS:
  - CircleMenu (2.0.1)
  - Device (2.0.1)
  - EasyPeasy (1.4)
  - ElongationPreview (1.0.2)
  - expanding-collection (1.0.4)
  - Firebase/Core (3.11.0):
    - FirebaseAnalytics (= 3.6.0)
    - FirebaseCore (= 3.4.6)
  - FirebaseAnalytics (3.6.0):
    - FirebaseCore (~> 3.4)
    - FirebaseInstanceID (~> 1.0)
    - GoogleInterchangeUtilities (~> 1.2)
    - GoogleSymbolUtilities (~> 1.1)
    - GoogleToolboxForMac/NSData+zlib (~> 2.1)
  - FirebaseCore (3.4.6):
    - GoogleInterchangeUtilities (~> 1.2)
    - GoogleToolboxForMac/NSData+zlib (~> 2.1)
  - FirebaseInstanceID (1.0.8)
  - FoldingCell (2.0.3)
  - GlidingCollection (1.0)
  - GoogleInterchangeUtilities (1.2.2):
    - GoogleSymbolUtilities (~> 1.1)
  - GoogleSymbolUtilities (1.1.2)
  - GoogleToolboxForMac/Defines (2.1.0)
  - GoogleToolboxForMac/NSData+zlib (2.1.0):
    - GoogleToolboxForMac/Defines (= 2.1.0)
  - Navigation-stack (1.0.0)
  - NSObject+Rx (2.0.0):
    - RxSwift
  - paper-onboarding (2.0.1)
  - pop (1.0.9)
  - PreviewTransition (2.0.1)
  - RAMAnimatedTabBarController (2.1.1)
  - RAMPaperSwitch (2.0.4)
  - RAMReel (2.0.2)
  - RxCocoa (3.1.0):
    - RxSwift (~> 3.1)
  - RxSwift (3.1.0)
  - SwiftyAttributes (3.1.0)

DEPENDENCIES:
  - CircleMenu
  - Device
  - EasyPeasy
  - ElongationPreview
  - expanding-collection
  - Firebase/Core
  - FoldingCell
  - GlidingCollection
  - Navigation-stack
  - NSObject+Rx
  - paper-onboarding
  - pop
  - PreviewTransition
  - RAMAnimatedTabBarController
  - RAMPaperSwitch
  - RAMReel
  - RxCocoa
  - RxSwift
  - SwiftyAttributes

SPEC CHECKSUMS:
  CircleMenu: a964e8b03aae58c84b40d5cf64630b62bef077eb
  Device: 7dd12a4fc8a72a90211f2c9ac8975a728322a148
  EasyPeasy: c2e49ceb822edc0a5fffefd66240fff10129047d
  ElongationPreview: f16804a5ca42245985b748b0b6ca1c2c8343be2e
  expanding-collection: be78b5822d7382d3da02b52d52273f4661567a64
  Firebase: b8134e285eb33201115bc688bc5d7f112923bc1f
  FirebaseAnalytics: 9c67af0ebeb8d2146c9b4ea2616439affa947b58
  FirebaseCore: 03da1cb32615569bbc2830a22f9ad753d9a02ef5
  FirebaseInstanceID: ba1e640935235e5fac39dfa816fe7660e72e1a8a
  FoldingCell: 2f3113051609167776743415fc00ed877ac6d62c
  GlidingCollection: fa1308fd8785df0c4e11550e6136114b85341938
  GoogleInterchangeUtilities: d5bc4d88d5b661ab72f9d70c58d02ca8c27ad1f7
  GoogleSymbolUtilities: 631ee17048aa5e9ab133470d768ea997a5ef9b96
  GoogleToolboxForMac: 2b2596cbb7186865e98cadf2b1e262d851c2b168
  Navigation-stack: 85ac0a7bd4002e7888c528d8817f10ffe2c225da
  NSObject+Rx: 2a9cd801d9c847e6d2486cbad8d7701b67834e70
  paper-onboarding: a8e001214d9ce9decf78e160b3823f396dbd51ac
  pop: f667631a5108a2e60d9e8797c9b32ddaf2080bce
  PreviewTransition: 2f612e341ccae573a1c08b8521fe19a28fe5d763
  RAMAnimatedTabBarController: 128e0d71dc802766de575a3c59c6fdcc8e2f921b
  RAMPaperSwitch: d24db52c5423c14812d4069073c3159cffcf3992
  RAMReel: f9dd6643aaa001b52c55d5fbe4b42170dd271298
  RxCocoa: 50d7564866da9299161e86a263ce12a0873904d8
  RxSwift: 83ff553e7593fdfdcb2562933a64c0284dffdadc
  SwiftyAttributes: f337a324cd21f1b18782ab85d3478ccae73f7593

PODFILE CHECKSUM: 742d6f2c785edd7221d23ad0ed4dbf3dc0b11c95

COCOAPODS: 1.2.1
