PODS:
  - CircleMenu (2.0.5)
  - Device (3.0.1)
  - EasyPeasy (1.4.2)
  - ElongationPreview (1.0.4)
  - expanding-collection (1.1.0)
  - Firebase/Core (4.0.0):
    - FirebaseAnalytics (= 4.0.0)
    - FirebaseCore (= 4.0.0)
  - FirebaseAnalytics (4.0.0):
    - FirebaseCore (~> 4.0)
    - FirebaseInstanceID (~> 2.0)
    - GoogleToolboxForMac/NSData+zlib (~> 2.1)
  - FirebaseCore (4.0.0):
    - GoogleToolboxForMac/NSData+zlib (~> 2.1)
  - FirebaseInstanceID (2.0.0):
    - FirebaseCore (~> 4.0)
  - FoldingCell (2.0.5)
  - GlidingCollection (1.0.1)
  - GoogleToolboxForMac/Defines (2.1.1)
  - GoogleToolboxForMac/NSData+zlib (2.1.1):
    - GoogleToolboxForMac/Defines (= 2.1.1)
  - Navigation-stack (1.0.0)
  - NSObject+Rx (2.3.0):
    - RxSwift (~> 3.0)
  - paper-onboarding (2.1.0)
  - pop (1.0.9)
  - PreviewTransition (2.0.1)
  - RAMAnimatedTabBarController (2.2.0)
  - RAMPaperSwitch (2.0.5)
  - RAMReel (2.1.0)
  - RxCocoa (3.4.1):
    - RxSwift (~> 3.4)
  - RxSwift (3.4.1)
  - SwiftyAttributes (3.1.0)

DEPENDENCIES:
  - CircleMenu
  - Device
  - EasyPeasy
  - ElongationPreview
  - expanding-collection
  - Firebase/Core
  - FoldingCell
  - GlidingCollection
  - Navigation-stack
  - NSObject+Rx
  - paper-onboarding
  - pop
  - PreviewTransition
  - RAMAnimatedTabBarController
  - RAMPaperSwitch
  - RAMReel
  - RxCocoa
  - RxSwift
  - SwiftyAttributes

SPEC CHECKSUMS:
  CircleMenu: 7cef16b4401de5b545e5f06d720cb202ec64800d
  Device: c793851589633bc515b65e08a2b5a223bc87c45a
  EasyPeasy: 50e7130b61f495ce105796e438d4136e2c8d2cc0
  ElongationPreview: ed0f4f744b266cba85f1cd103df183ce3424adf2
  expanding-collection: c923d3806abbd5a5cdb58a2c036defa16c9e1e07
  Firebase: 284eea779b73fdff309791817da7c68bff8dd572
  FirebaseAnalytics: 6f08e746f7d66f5452931bc2e822b5df9c66b64a
  FirebaseCore: 85ad466044c2f013cdb167f85d426d15b128114a
  FirebaseInstanceID: 9fbf536668f4d3f0880e7438456dabd1376e294b
  FoldingCell: fb189fc746e95b722a1debf8ef455006b70cae2e
  GlidingCollection: 2469c90a15cf43b61290a5418da3faec26cc96e9
  GoogleToolboxForMac: 8e329f1b599f2512c6b10676d45736bcc2cbbeb0
  Navigation-stack: 85ac0a7bd4002e7888c528d8817f10ffe2c225da
  NSObject+Rx: 38170f84b948152c05c57260cb853e387a5519d1
  paper-onboarding: b694e7c8d74b48309cc7485143386857be24897a
  pop: f667631a5108a2e60d9e8797c9b32ddaf2080bce
  PreviewTransition: 2f612e341ccae573a1c08b8521fe19a28fe5d763
  RAMAnimatedTabBarController: 4904a0ec08f2a4e935d0d3a5824551a77390b965
  RAMPaperSwitch: 8e547186be122e858aa060596708f0dcbfe7593f
  RAMReel: 73bcef3d46a8b924ffef1b11e73a9671a6e2b88b
  RxCocoa: a8a5f1d061d0043e28f56976829f31ce63e8eb09
  RxSwift: 656f8fbeca5bc372121a72d9ebdd3cd3bc0ffade
  SwiftyAttributes: f337a324cd21f1b18782ab85d3478ccae73f7593

PODFILE CHECKSUM: 742d6f2c785edd7221d23ad0ed4dbf3dc0b11c95

COCOAPODS: 1.2.1
