PODS:
  - Alamofire (4.7.2)
  - BoringSSL (10.0.2):
    - BoringSSL/Implementation (= 10.0.2)
    - BoringSSL/Interface (= 10.0.2)
  - BoringSSL/Implementation (10.0.2):
    - BoringSSL/Interface (= 10.0.2)
  - BoringSSL/Interface (10.0.2)
  - CircleMenu (3.0.6)
  - Device (3.1.0)
  - EasyPeasy (1.7.0)
  - ElongationPreview (1.1.2)
  - expanding-collection (2.0.1)
  - Firebase/Auth (4.13.0):
    - Firebase/Core
    - FirebaseAuth (= 4.6.1)
  - Firebase/Core (4.13.0):
    - FirebaseAnalytics (= 4.2.0)
    - FirebaseCore (= 4.0.20)
  - Firebase/Firestore (4.13.0):
    - Firebase/Core
    - FirebaseFirestore (= 0.11.0)
  - FirebaseAnalytics (4.2.0):
    - FirebaseCore (~> 4.0)
    - FirebaseInstanceID (~> 2.0)
    - "GoogleToolboxForMac/NSData+zlib (~> 2.1)"
    - nanopb (~> 0.3)
  - FirebaseAuth (4.6.1):
    - FirebaseAnalytics (~> 4.2)
    - "GoogleToolboxForMac/NSDictionary+URLArguments (~> 2.1)"
    - GTMSessionFetcher/Core (~> 1.1)
  - FirebaseCore (4.0.20):
    - "GoogleToolboxForMac/NSData+zlib (~> 2.1)"
  - FirebaseFirestore (0.11.0):
    - FirebaseAnalytics (~> 4.1)
    - FirebaseCore (~> 4.0)
    - gRPC-ProtoRPC (~> 1.0)
    - leveldb-library (~> 1.18)
    - Protobuf (~> 3.5)
  - FirebaseInstanceID (2.0.10):
    - FirebaseCore (~> 4.0)
  - FoldingCell (3.1.1)
  - GlidingCollection (1.1.0)
  - GoogleToolboxForMac/DebugUtils (2.1.4):
    - GoogleToolboxForMac/Defines (= 2.1.4)
  - GoogleToolboxForMac/Defines (2.1.4)
  - "GoogleToolboxForMac/NSData+zlib (2.1.4)":
    - GoogleToolboxForMac/Defines (= 2.1.4)
  - "GoogleToolboxForMac/NSDictionary+URLArguments (2.1.4)":
    - GoogleToolboxForMac/DebugUtils (= 2.1.4)
    - GoogleToolboxForMac/Defines (= 2.1.4)
    - "GoogleToolboxForMac/NSString+URLArguments (= 2.1.4)"
  - "GoogleToolboxForMac/NSString+URLArguments (2.1.4)"
  - gRPC (1.11.0):
    - gRPC-RxLibrary (= 1.11.0)
    - gRPC/Main (= 1.11.0)
  - gRPC-Core (1.11.0):
    - gRPC-Core/Implementation (= 1.11.0)
    - gRPC-Core/Interface (= 1.11.0)
  - gRPC-Core/Implementation (1.11.0):
    - BoringSSL (~> 10.0)
    - gRPC-Core/Interface (= 1.11.0)
    - nanopb (~> 0.3)
  - gRPC-Core/Interface (1.11.0)
  - gRPC-ProtoRPC (1.11.0):
    - gRPC (= 1.11.0)
    - gRPC-RxLibrary (= 1.11.0)
    - Protobuf (~> 3.0)
  - gRPC-RxLibrary (1.11.0)
  - gRPC/Main (1.11.0):
    - gRPC-Core (= 1.11.0)
    - gRPC-RxLibrary (= 1.11.0)
  - GTMSessionFetcher/Core (1.1.15)
  - KeychainAccess (3.1.1)
  - leveldb-library (1.20)
  - MBProgressHUD (1.1.0)
  - nanopb (0.3.8):
    - nanopb/decode (= 0.3.8)
    - nanopb/encode (= 0.3.8)
  - nanopb/decode (0.3.8)
  - nanopb/encode (0.3.8)
  - Navigation-stack (2.0.2)
  - "NSObject+Rx (4.3.0)":
    - RxSwift (~> 4.0)
  - Nuke (6.1.1)
  - OAuthSwift (1.2.0)
  - paper-onboarding (4.1.0)
  - pop (1.0.10)
  - PreviewTransition (3.0.1)
  - Protobuf (3.5.0)
  - RAMAnimatedTabBarController (3.2.0)
  - RAMPaperSwitch (2.1.0)
  - RAMReel (3.0.0)
  - RxAlamofire (4.2.0):
    - RxAlamofire/Core (= 4.2.0)
  - RxAlamofire/Core (4.2.0):
    - Alamofire (~> 4.5)
    - RxSwift (~> 4)
  - RxCocoa (4.1.2):
    - RxSwift (~> 4.0)
  - RxSwift (4.1.2)
  - SwiftyAttributes (4.2.0)

DEPENDENCIES:
  - CircleMenu
  - Device
  - EasyPeasy
  - ElongationPreview
  - expanding-collection
  - Firebase/Auth
  - Firebase/Core
  - Firebase/Firestore
  - FoldingCell
  - GlidingCollection
  - KeychainAccess
  - MBProgressHUD
  - Navigation-stack
  - "NSObject+Rx"
  - Nuke
  - OAuthSwift
  - paper-onboarding
  - pop
  - PreviewTransition
  - RAMAnimatedTabBarController
  - RAMPaperSwitch
  - RAMReel
  - RxAlamofire
  - RxCocoa
  - RxSwift
  - SwiftyAttributes

SPEC REPOS:
  https://github.com/cocoapods/specs.git:
    - Alamofire
    - BoringSSL
    - CircleMenu
    - Device
    - EasyPeasy
    - ElongationPreview
    - expanding-collection
    - Firebase
    - FirebaseAnalytics
    - FirebaseAuth
    - FirebaseCore
    - FirebaseFirestore
    - FirebaseInstanceID
    - FoldingCell
    - GlidingCollection
    - GoogleToolboxForMac
    - gRPC
    - gRPC-Core
    - gRPC-ProtoRPC
    - gRPC-RxLibrary
    - GTMSessionFetcher
    - KeychainAccess
    - leveldb-library
    - MBProgressHUD
    - nanopb
    - Navigation-stack
    - "NSObject+Rx"
    - Nuke
    - OAuthSwift
    - paper-onboarding
    - pop
    - PreviewTransition
    - Protobuf
    - RAMAnimatedTabBarController
    - RAMPaperSwitch
    - RAMReel
    - RxAlamofire
    - RxCocoa
    - RxSwift
    - SwiftyAttributes

SPEC CHECKSUMS:
  Alamofire: e4fa87002c137ba2d8d634d2c51fabcda0d5c223
  BoringSSL: 60dd24df4af296bf41d78e5841dbb95d75f88c0d
  CircleMenu: 743ac815475e8e40e8848d2954fa7f7263d9f78d
  Device: 8a21a61f5f938a12dadd44d82287996081b6919b
  EasyPeasy: 2f2785ed78c6f9e9045221f2ff317730e7321bff
  ElongationPreview: a1b53f61d2086c0ce5c2061e5233bff25b93917d
  expanding-collection: 8a911969a80f349b73e7100ec58f0c50dd5f220a
  Firebase: 5ec5e863d269d82d66b4bf56856726f8fb8f0fb3
  FirebaseAnalytics: 7ef69e76a5142f643aeb47c780e1cdce4e23632e
  FirebaseAuth: bf22cacf22c60ab454bf2636f556d8892b10b53f
  FirebaseCore: 90cb1c53d69b556f112a1bf72b5fcfaad7650790
  FirebaseFirestore: e92a096ce80c7b4b905d4e9d41dbd944adc9d2a5
  FirebaseInstanceID: 8d20d890d65c917f9f7d9950b6e10a760ad34321
  FoldingCell: 238c33ae8d9cd655090c9c4c5ff32596cfd18c6e
  GlidingCollection: 2194165075fa7230027049238c9ed724453557e6
  GoogleToolboxForMac: 91c824d21e85b31c2aae9bb011c5027c9b4e738f
  gRPC: 70703dc9ba31c72341fc7f37745cc1c379edee96
  gRPC-Core: 164639cd8ae18ca8b65477fafb2efbaecf4f181a
  gRPC-ProtoRPC: bb5fddf3424aa4fad74d76736578a79fe40e244e
  gRPC-RxLibrary: 26d53d1b1f306befd4ad4e15bd6de27839a82481
  GTMSessionFetcher: 5fa5b80fd20e439ef5f545fb2cb3ca6c6714caa2
  KeychainAccess: 7bd430028059754a3debab3cfc0bd1fc7fb85df3
  leveldb-library: 08cba283675b7ed2d99629a4bc5fd052cd2bb6a5
  MBProgressHUD: e7baa36a220447d8aeb12769bf0585582f3866d9
  nanopb: 5601e6bca2dbf1ed831b519092ec110f66982ca3
  Navigation-stack: fb9d7189f6c8b8d4a58f1cad129e4dbcc51aa2d0
  "NSObject+Rx": 9a5eeff5e08156f849fa973514456f28eef08742
  Nuke: bf5d58b2d95ff15cb170c231fe6002d706be77e1
  OAuthSwift: 7fd6855b8e4d58eb5a30d156ea9bed7a8aecd1ca
  paper-onboarding: 344780cbb0bfc229cd1862f5b9bba446b23c5185
  pop: 82ca6b068ce9278fd350fd9dd09482a0ce9492e6
  PreviewTransition: 626eb437009d04e24d177d2d1e65de2a705829ed
  Protobuf: 8a9838fba8dae3389230e1b7f8c104aa32389c03
  RAMAnimatedTabBarController: 0499157f67053a21bcccb52a25dd3c6ecdbfb4f6
  RAMPaperSwitch: ef08af0400a040c9850e09253280deb77510becb
  RAMReel: a123d736773901a9a3d2ef559c176a50c338b5de
  RxAlamofire: 87a9c588541210cc3e4a1f843ccc3ecf3eb98b31
  RxCocoa: d88ba0f1f6abf040011a9eb4b539324fc426843a
  RxSwift: e49536837d9901277638493ea537394d4b55f570
  SwiftyAttributes: da052e36f8950382016145969d95481c14d2d328

PODFILE CHECKSUM: c8e6850a964dfc790b189a57db0eb485694330b8

COCOAPODS: 1.5.3
